
Microsoft Visual Studio Solution File, Format Version 12.00
# Visual Studio Version 17
VisualStudioVersion = 17.14.36408.4 d17.14
MinimumVisualStudioVersion = 10.0.40219.1
Project("{FAE04EC0-301F-11D3-BF4B-00C04F79EFBC}") = "WindowsVoiceTypeLauncher", "WindowsVoiceTypeLauncher\WindowsVoiceTypeLauncher.csproj", "{5B978F3B-4434-470D-AC0E-545609477A5E}"
EndProject
Global
	GlobalSection(SolutionConfigurationPlatforms) = preSolution
		Debug|Any CPU = Debug|Any CPU
		Release|Any CPU = Release|Any CPU
	EndGlobalSection
	GlobalSection(ProjectConfigurationPlatforms) = postSolution
		{5B978F3B-4434-470D-AC0E-545609477A5E}.Debug|Any CPU.ActiveCfg = Debug|Any CPU
		{5B978F3B-4434-470D-AC0E-545609477A5E}.Debug|Any CPU.Build.0 = Debug|Any CPU
		{5B978F3B-4434-470D-AC0E-545609477A5E}.Release|Any CPU.ActiveCfg = Release|Any CPU
		{5B978F3B-4434-470D-AC0E-545609477A5E}.Release|Any CPU.Build.0 = Release|Any CPU
	EndGlobalSection
	GlobalSection(SolutionProperties) = preSolution
		HideSolutionNode = FALSE
	EndGlobalSection
	GlobalSection(ExtensibilityGlobals) = postSolution
		SolutionGuid = {14C5575E-7224-4F5B-A0F8-2D50EC2C5CA2}
	EndGlobalSection
EndGlobal
